
Microsoft Visual Studio Solution File, Format Version 12.00
# Visual Studio Version 16
VisualStudioVersion = 16.0.31424.327
MinimumVisualStudioVersion = 10.0.40219.1
Project("{FAE04EC0-301F-11D3-BF4B-00C04F79EFBC}") = "Comparação_Numeros", "Comparação_Numeros\Comparação_Numeros.csproj", "{ABFEBC24-710F-40FC-B28B-F64E5DA6E279}"
EndProject
Global
	GlobalSection(SolutionConfigurationPlatforms) = preSolution
		Debug|Any CPU = Debug|Any CPU
		Release|Any CPU = Release|Any CPU
	EndGlobalSection
	GlobalSection(ProjectConfigurationPlatforms) = postSolution
		{ABFEBC24-710F-40FC-B28B-F64E5DA6E279}.Debug|Any CPU.ActiveCfg = Debug|Any CPU
		{ABFEBC24-710F-40FC-B28B-F64E5DA6E279}.Debug|Any CPU.Build.0 = Debug|Any CPU
		{ABFEBC24-710F-40FC-B28B-F64E5DA6E279}.Release|Any CPU.ActiveCfg = Release|Any CPU
		{ABFEBC24-710F-40FC-B28B-F64E5DA6E279}.Release|Any CPU.Build.0 = Release|Any CPU
	EndGlobalSection
	GlobalSection(SolutionProperties) = preSolution
		HideSolutionNode = FALSE
	EndGlobalSection
	GlobalSection(ExtensibilityGlobals) = postSolution
		SolutionGuid = {6C8F9CE3-096F-43A9-BE23-8ED3A6DFA00B}
	EndGlobalSection
EndGlobal
